
Microsoft Visual Studio Solution File, Format Version 12.00
Project("{FAE04EC0-301F-11D3-BF4B-00C04F79EFBC}") = "SolvroChecklist", "SolvroChecklist.csproj", "{4166967B-3E5C-4601-9EDD-015B6CA8C265}"
EndProject
Global
	GlobalSection(SolutionConfigurationPlatforms) = preSolution
		Debug|Any CPU = Debug|Any CPU
		Release|Any CPU = Release|Any CPU
	EndGlobalSection
	GlobalSection(ProjectConfigurationPlatforms) = postSolution
		{4166967B-3E5C-4601-9EDD-015B6CA8C265}.Debug|Any CPU.ActiveCfg = Debug|Any CPU
		{4166967B-3E5C-4601-9EDD-015B6CA8C265}.Debug|Any CPU.Build.0 = Debug|Any CPU
		{4166967B-3E5C-4601-9EDD-015B6CA8C265}.Release|Any CPU.ActiveCfg = Release|Any CPU
		{4166967B-3E5C-4601-9EDD-015B6CA8C265}.Release|Any CPU.Build.0 = Release|Any CPU
	EndGlobalSection
EndGlobal
